<?xml version="1.0" encoding="utf-8"?>
<Project ToolsVersion="4.0" xmlns="http://schemas.microsoft.com/developer/msbuild/2003">
  <ItemGroup>
    <Filter Include="Source Files">
      <UniqueIdentifier>{4FC737F1-C7A5-4376-A066-2A32D752A2FF}</UniqueIdentifier>
      <Extensions>cpp;c;cc;cxx;def;odl;idl;hpj;bat;asm;asmx</Extensions>
    </Filter>
    <Filter Include="Header Files">
      <UniqueIdentifier>{93995380-89BD-4b04-88EB-625FBE52EBFB}</UniqueIdentifier>
      <Extensions>h;hh;hpp;hxx;hm;inl;inc;xsd</Extensions>
    </Filter>
    <Filter Include="Resource Files">
      <UniqueIdentifier>{67DA6AB6-F800-4c08-8B7A-83BB121AAD01}</UniqueIdentifier>
      <Extensions>rc;ico;cur;bmp;dlg;rc2;rct;bin;rgs;gif;jpg;jpeg;jpe;resx;tiff;tif;png;wav;mfcribbon-ms</Extensions>
    </Filter>
    <Filter Include="Source Files\Maps">
      <UniqueIdentifier>{3b817598-d873-4c2e-9205-55b392ad5e68}</UniqueIdentifier>
    </Filter>
    <Filter Include="Source Files\NFSolver">
      <UniqueIdentifier>{cf31ffa6-a209-4e07-b5c7-43b59c8c9402}</UniqueIdentifier>
    </Filter>
    <Filter Include="Source Files\AStarSolver">
      <UniqueIdentifier>{82b77b5e-170a-4389-b1e1-aa354a1cdc2a}</UniqueIdentifier>
    </Filter>
    <Filter Include="Source Files\KDTree">
      <UniqueIdentifier>{42f1284f-b32c-411b-801c-cd6c774710b3}</UniqueIdentifier>
    </Filter>
  </ItemGroup>
  <ItemGroup>
    <ClInclude Include="include\ACH_AStar.h">
      <Filter>Header Files</Filter>
    </ClInclude>
    <ClInclude Include="include\Grid.h">
      <Filter>Header Files</Filter>
    </ClInclude>
    <ClInclude Include="include\Map.h">
      <Filter>Header Files</Filter>
    </ClInclude>
    <ClInclude Include="include\NF.h">
      <Filter>Header Files</Filter>
    </ClInclude>
    <ClInclude Include="include\Obstacle.h">
      <Filter>Header Files</Filter>
    </ClInclude>
    <ClInclude Include="include\Sphere.h">
      <Filter>Header Files</Filter>
    </ClInclude>
    <ClInclude Include="include\Squircle.h">
      <Filter>Header Files</Filter>
    </ClInclude>
    <ClInclude Include="include\Workspace.h">
      <Filter>Header Files</Filter>
    </ClInclude>
    <ClInclude Include="kdtree.h">
      <Filter>Header Files</Filter>
    </ClInclude>
    <ClInclude Include="include\NFH_RRT.h">
      <Filter>Header Files</Filter>
    </ClInclude>
  </ItemGroup>
  <ItemGroup>
    <ClCompile Include="src\main.cpp">
      <Filter>Source Files</Filter>
    </ClCompile>
    <ClCompile Include="src\Maps\Grid.cpp">
      <Filter>Source Files\Maps</Filter>
    </ClCompile>
    <ClCompile Include="src\Maps\Map.cpp">
      <Filter>Source Files\Maps</Filter>
    </ClCompile>
    <ClCompile Include="src\Maps\Sphere.cpp">
      <Filter>Source Files\Maps</Filter>
    </ClCompile>
    <ClCompile Include="src\Maps\Squircle.cpp">
      <Filter>Source Files\Maps</Filter>
    </ClCompile>
    <ClCompile Include="src\Maps\Workspace.cpp">
      <Filter>Source Files\Maps</Filter>
    </ClCompile>
    <ClCompile Include="src\NFSolver\NF.cpp">
      <Filter>Source Files\NFSolver</Filter>
    </ClCompile>
    <ClCompile Include="src\AStarSolver\ACH_AStar.cpp">
      <Filter>Source Files\AStarSolver</Filter>
    </ClCompile>
    <ClCompile Include="src\KDTree\kdtree.c">
      <Filter>Source Files\KDTree</Filter>
    </ClCompile>
    <ClCompile Include="src\AStarSolver\NFH_RRT.cpp">
      <Filter>Source Files\AStarSolver</Filter>
    </ClCompile>
    <ClCompile Include="src\AStarSolver\NFH_RRT_Record.cpp">
      <Filter>Source Files\AStarSolver</Filter>
    </ClCompile>
  </ItemGroup>
</Project>